# This file is automatically @generated by Poetry 2.1.3 and should not be changed by hand.

[[package]]
name = "argparse"
version = "1.4.0"
description = "Python command-line parsing library"
optional = false
python-versions = "*"
groups = ["main"]
files = [
    {file = "argparse-1.4.0-py2.py3-none-any.whl", hash = "sha256:c31647edb69fd3d465a847ea3157d37bed1f95f19760b11a47aa91c04b666314"},
    {file = "argparse-1.4.0.tar.gz", hash = "sha256:62b089a55be1d8949cd2bc7e0df0bddb9e028faefc8c32038cc84862aefdd6e4"},
]

[[package]]
name = "duckdb"
version = "1.3.0"
description = "DuckDB in-process database"
optional = false
python-versions = ">=3.7.0"
groups = ["main"]
files = [
    {file = "duckdb-1.3.0-cp310-cp310-macosx_12_0_arm64.whl", hash = "sha256:fc65c1e97aa010359c43c0342ea423e6efa3cb8c8e3f133b0765451ce674e3db"},
    {file = "duckdb-1.3.0-cp310-cp310-macosx_12_0_universal2.whl", hash = "sha256:8fc91b629646679e33806342510335ccbbeaf2b823186f0ae829fd48e7a63c66"},
    {file = "duckdb-1.3.0-cp310-cp310-macosx_12_0_x86_64.whl", hash = "sha256:1a69b970553fd015c557238d427ef00be3c8ed58c3bc3641aef987e33f8bf614"},
    {file = "duckdb-1.3.0-cp310-cp310-manylinux_2_27_aarch64.manylinux_2_28_aarch64.whl", hash = "sha256:1003e84c07b84680cee6d06e4795b6e861892474704f7972058594a52c7473cf"},
    {file = "duckdb-1.3.0-cp310-cp310-manylinux_2_27_x86_64.manylinux_2_28_x86_64.whl", hash = "sha256:992239b54ca6f015ad0ed0d80f3492c065313c4641df0a226183b8860cb7f5b0"},
    {file = "duckdb-1.3.0-cp310-cp310-musllinux_1_2_x86_64.whl", hash = "sha256:0ba1c5af59e8147216149b814b1970b8f7e3c240494a9688171390db3c504b29"},
    {file = "duckdb-1.3.0-cp310-cp310-win_amd64.whl", hash = "sha256:57b794ca28e22b23bd170506cb1d4704a3608e67f0fe33273db9777b69bdf26a"},
    {file = "duckdb-1.3.0-cp311-cp311-macosx_12_0_arm64.whl", hash = "sha256:60a58b85929754abb21db1e739d2f53eaef63e6015e62ba58eae3425030e7935"},
    {file = "duckdb-1.3.0-cp311-cp311-macosx_12_0_universal2.whl", hash = "sha256:1d46b5a20f078b1b2284243e02a1fde7e12cbb8d205fce62e4700bcfe6a09881"},
    {file = "duckdb-1.3.0-cp311-cp311-macosx_12_0_x86_64.whl", hash = "sha256:0044e5ffb2d46308099640a92f99980a44e12bb68642aa9e6b08acbf300d64a1"},
    {file = "duckdb-1.3.0-cp311-cp311-manylinux_2_27_aarch64.manylinux_2_28_aarch64.whl", hash = "sha256:5cb813de2ca2f5e7c77392a67bdcaa174bfd69ebbfdfc983024af270c77a0447"},
    {file = "duckdb-1.3.0-cp311-cp311-manylinux_2_27_x86_64.manylinux_2_28_x86_64.whl", hash = "sha256:7a0c993eb6df2b30b189ad747f3aea1b0b87b78ab7f80c6e7c57117b6e8dbfb0"},
    {file = "duckdb-1.3.0-cp311-cp311-musllinux_1_2_x86_64.whl", hash = "sha256:6728e209570d36ece66dd7249e5d6055326321137cd807f26300733283930cd4"},
    {file = "duckdb-1.3.0-cp311-cp311-win_amd64.whl", hash = "sha256:7e652b7c8dbdb91a94fd7d543d3e115d24a25aa0791a373a852e20cb7bb21154"},
    {file = "duckdb-1.3.0-cp312-cp312-macosx_12_0_arm64.whl", hash = "sha256:f24038fe9b83dcbaeafb1ed76ec3b3f38943c1c8d27ab464ad384db8a6658b61"},
    {file = "duckdb-1.3.0-cp312-cp312-macosx_12_0_universal2.whl", hash = "sha256:956c85842841bef68f4a5388c6b225b933151a7c06d568390fc895fc44607913"},
    {file = "duckdb-1.3.0-cp312-cp312-macosx_12_0_x86_64.whl", hash = "sha256:efe883d822ed56fcfbb6a7b397c13f6a0d2eaeb3bc4ef4510f84fadb3dfe416d"},
    {file = "duckdb-1.3.0-cp312-cp312-manylinux_2_27_aarch64.manylinux_2_28_aarch64.whl", hash = "sha256:3872a3a1b80ffba5264ea236a3754d0c41d3c7b01bdf8cdcb1c180fc1b8dc8e2"},
    {file = "duckdb-1.3.0-cp312-cp312-manylinux_2_27_x86_64.manylinux_2_28_x86_64.whl", hash = "sha256:30bf45ad78a5a997f378863e036e917b481d18d685e5c977cd0a3faf2e31fbaf"},
    {file = "duckdb-1.3.0-cp312-cp312-musllinux_1_2_x86_64.whl", hash = "sha256:85cbd8e1d65df8a0780023baf5045d3033fabd154799bc9ea6d9ab5728f41eb3"},
    {file = "duckdb-1.3.0-cp312-cp312-win_amd64.whl", hash = "sha256:8754c40dac0f26d9fb0363bbb5df02f7a61ce6a6728d5efc02c3bc925d7c89c3"},
    {file = "duckdb-1.3.0-cp313-cp313-macosx_12_0_arm64.whl", hash = "sha256:176b9818d940c52ac7f31c64a98cf172d7c19d2a006017c9c4e9c06c246e36bf"},
    {file = "duckdb-1.3.0-cp313-cp313-macosx_12_0_universal2.whl", hash = "sha256:03981f7e8793f07a4a9a2ba387640e71d0a99ebcaf8693ab09f96d59e628b713"},
    {file = "duckdb-1.3.0-cp313-cp313-macosx_12_0_x86_64.whl", hash = "sha256:a177d55a38a62fdf79b59a0eaa32531a1dbb443265f6d67f64992cc1e82b755c"},
    {file = "duckdb-1.3.0-cp313-cp313-manylinux_2_27_aarch64.manylinux_2_28_aarch64.whl", hash = "sha256:b1c30e3749823147d5578bc3f01f35d1a0433a1c768908d946056ec8d6e1757e"},
    {file = "duckdb-1.3.0-cp313-cp313-manylinux_2_27_x86_64.manylinux_2_28_x86_64.whl", hash = "sha256:5855f3a564baf22eeeab70c120b51f5a11914f1f1634f03382daeb6b1dea4c62"},
    {file = "duckdb-1.3.0-cp313-cp313-musllinux_1_2_x86_64.whl", hash = "sha256:9b1fac15a48056f7c2739cf8800873063ba2f691e91a9b2fc167658a401ca76a"},
    {file = "duckdb-1.3.0-cp313-cp313-win_amd64.whl", hash = "sha256:fbdfc1c0b83b90f780ae74038187ee696bb56ab727a289752372d7ec42dda65b"},
    {file = "duckdb-1.3.0-cp39-cp39-macosx_12_0_arm64.whl", hash = "sha256:5f6b5d725546ad30abc125a6813734b493fea694bc3123e991c480744573c2f1"},
    {file = "duckdb-1.3.0-cp39-cp39-macosx_12_0_universal2.whl", hash = "sha256:fcbcc9b956b06cf5ee94629438ecab88de89b08b5620fcda93665c222ab18cd4"},
    {file = "duckdb-1.3.0-cp39-cp39-macosx_12_0_x86_64.whl", hash = "sha256:2d32f2d44105e1705d8a0fb6d6d246fd69aff82c80ad23293266244b66b69012"},
    {file = "duckdb-1.3.0-cp39-cp39-manylinux_2_27_aarch64.manylinux_2_28_aarch64.whl", hash = "sha256:0aa7a5c0dcb780850e6da1227fb1d552af8e1a5091e02667ab6ace61ab49ce6c"},
    {file = "duckdb-1.3.0-cp39-cp39-manylinux_2_27_x86_64.manylinux_2_28_x86_64.whl", hash = "sha256:7cb254fd5405f3edbd7d962ba39c72e4ab90b37cb4d0e34846089796c8078419"},
    {file = "duckdb-1.3.0-cp39-cp39-musllinux_1_2_x86_64.whl", hash = "sha256:a7d337b58c59fd2cd9faae531b05d940f8d92bdc2e14cb6e9a5a37675ad2742d"},
    {file = "duckdb-1.3.0-cp39-cp39-win_amd64.whl", hash = "sha256:b3cea3a345755c7dbcb58403dbab8befd499c82f0d27f893a4c1d4b8cf56ec54"},
    {file = "duckdb-1.3.0.tar.gz", hash = "sha256:09aaa4b1dca24f4d1f231e7ae66b6413e317b7e04e2753541d42df6c8113fac7"},
]

[metadata]
lock-version = "2.1"
python-versions = "^3.13"
content-hash = "6954831cb9eb295cfe9143e823488c5b6fe8f55f7d49924262821be5e1d6c0a8"
